
Microsoft Visual Studio Solution File, Format Version 12.00
# Visual Studio Version 17
VisualStudioVersion = 17.2.32630.192
MinimumVisualStudioVersion = 10.0.40219.1
Project("{FAE04EC0-301F-11D3-BF4B-00C04F79EFBC}") = "Server", "DZ_ClientServer\Server.csproj", "{43E26238-B952-431F-9014-27477594E0DF}"
EndProject
Project("{FAE04EC0-301F-11D3-BF4B-00C04F79EFBC}") = "Client", "Client\Client.csproj", "{84E81E41-DE84-4165-AD18-012E569F66D0}"
EndProject
Global
	GlobalSection(SolutionConfigurationPlatforms) = preSolution
		Debug|Any CPU = Debug|Any CPU
		Release|Any CPU = Release|Any CPU
	EndGlobalSection
	GlobalSection(ProjectConfigurationPlatforms) = postSolution
		{43E26238-B952-431F-9014-27477594E0DF}.Debug|Any CPU.ActiveCfg = Debug|Any CPU
		{43E26238-B952-431F-9014-27477594E0DF}.Debug|Any CPU.Build.0 = Debug|Any CPU
		{43E26238-B952-431F-9014-27477594E0DF}.Release|Any CPU.ActiveCfg = Release|Any CPU
		{43E26238-B952-431F-9014-27477594E0DF}.Release|Any CPU.Build.0 = Release|Any CPU
		{84E81E41-DE84-4165-AD18-012E569F66D0}.Debug|Any CPU.ActiveCfg = Debug|Any CPU
		{84E81E41-DE84-4165-AD18-012E569F66D0}.Debug|Any CPU.Build.0 = Debug|Any CPU
		{84E81E41-DE84-4165-AD18-012E569F66D0}.Release|Any CPU.ActiveCfg = Release|Any CPU
		{84E81E41-DE84-4165-AD18-012E569F66D0}.Release|Any CPU.Build.0 = Release|Any CPU
	EndGlobalSection
	GlobalSection(SolutionProperties) = preSolution
		HideSolutionNode = FALSE
	EndGlobalSection
	GlobalSection(ExtensibilityGlobals) = postSolution
		SolutionGuid = {3BC183ED-5030-4777-B2F3-7150418D8776}
	EndGlobalSection
EndGlobal
